
Microsoft Visual Studio Solution File, Format Version 12.00
# Visual Studio Version 17
VisualStudioVersion = 17.4.33213.308
MinimumVisualStudioVersion = 10.0.40219.1
Project("{888888A0-9F3D-457C-B088-3A5042F75D52}") = "restaurants", "restaurants\restaurants.pyproj", "{FD245148-9084-479F-A7D2-023D423B38BD}"
EndProject
Global
	GlobalSection(SolutionConfigurationPlatforms) = preSolution
		Debug|Any CPU = Debug|Any CPU
		Release|Any CPU = Release|Any CPU
	EndGlobalSection
	GlobalSection(ProjectConfigurationPlatforms) = postSolution
		{FD245148-9084-479F-A7D2-023D423B38BD}.Debug|Any CPU.ActiveCfg = Debug|Any CPU
		{FD245148-9084-479F-A7D2-023D423B38BD}.Release|Any CPU.ActiveCfg = Release|Any CPU
	EndGlobalSection
	GlobalSection(SolutionProperties) = preSolution
		HideSolutionNode = FALSE
	EndGlobalSection
	GlobalSection(ExtensibilityGlobals) = postSolution
		SolutionGuid = {0526E537-0AEF-4F98-AEB7-B8DD406C33B1}
	EndGlobalSection
EndGlobal
